{
    "_readme": [
        "This file locks the dependencies of your project to a known state",
        "Read more about it at https://getcomposer.org/doc/01-basic-usage.md#installing-dependencies",
        "This file is @generated automatically"
    ],
    "content-hash": "06c7b56c3e56f08392f640995711886c",
    "packages": [
        {
            "name": "facebook/xhp-lib",
            "version": "v2.6.0",
            "source": {
                "type": "git",
                "url": "https://github.com/hhvm/xhp-lib.git",
                "reference": "47dda17c5c765dccde440d004bdd8c5d5a5b0457"
            },
            "dist": {
                "type": "zip",
                "url": "https://api.github.com/repos/hhvm/xhp-lib/zipball/47dda17c5c765dccde440d004bdd8c5d5a5b0457",
                "reference": "47dda17c5c765dccde440d004bdd8c5d5a5b0457",
                "shasum": ""
            },
            "require": {
                "hhvm": "~3.23",
                "hhvm/hhvm-autoload": "^1.5",
                "hhvm/type-assert": "^3.0"
            },
            "require-dev": {
                "91carriage/phpunit-hhi": "^5.1.0",
                "phpunit/phpunit": "^5.1.0"
            },
            "type": "library",
            "extra": {
                "branch-alias": {
                    "dev-master": "2.x-dev"
                }
            },
            "notification-url": "https://packagist.org/downloads/",
            "license": [
                "BSD-3-Clause"
            ],
            "description": "Class library for XHP",
            "homepage": "https://github.com/facebook/xhp-lib",
            "keywords": [
                "facebook",
                "hack",
                "hhvm",
                "xhp"
            ],
            "time": "2018-05-10T16:25:59+00:00"
        },
        {
            "name": "fredemmott/hack-error-suppressor",
            "version": "v1.0.1",
            "source": {
                "type": "git",
                "url": "https://github.com/fredemmott/hack-error-suppressor.git",
                "reference": "cb145c771b50f4f4eeec8c9cac4740df3d486a12"
            },
            "dist": {
                "type": "zip",
                "url": "https://api.github.com/repos/fredemmott/hack-error-suppressor/zipball/cb145c771b50f4f4eeec8c9cac4740df3d486a12",
                "reference": "cb145c771b50f4f4eeec8c9cac4740df3d486a12",
                "shasum": ""
            },
            "require-dev": {
                "91carriage/phpunit-hhi": "^5.6",
                "phpunit/phpunit": "^5.7"
            },
            "type": "library",
            "autoload": {
                "classmap": [
                    "src/"
                ]
            },
            "notification-url": "https://packagist.org/downloads/",
            "license": [
                "ISC"
            ],
            "authors": [
                {
                    "name": "Fred Emmott",
                    "email": "fred@fredemmott.co.uk"
                }
            ],
            "description": "Suppress HHVM's automatic conversion of typechecker errors to fatals.",
            "time": "2017-05-02T03:07:37+00:00"
        },
        {
            "name": "hhvm/hhvm-autoload",
            "version": "v1.6.6",
            "source": {
                "type": "git",
                "url": "https://github.com/hhvm/hhvm-autoload.git",
                "reference": "2808fe06fa850532270c54155c0bdab1bf0f67da"
            },
            "dist": {
                "type": "zip",
                "url": "https://api.github.com/repos/hhvm/hhvm-autoload/zipball/2808fe06fa850532270c54155c0bdab1bf0f67da",
                "reference": "2808fe06fa850532270c54155c0bdab1bf0f67da",
                "shasum": ""
            },
            "require": {
                "composer-plugin-api": "^1.0",
                "fredemmott/hack-error-suppressor": "^1.0",
                "hhvm": "^3.23"
            },
            "replace": {
                "facebook/hhvm-autoload": "1.*"
            },
            "require-dev": {
                "91carriage/phpunit-hhi": "^5.5",
                "facebook/fbexpect": "^1.1",
                "phpunit/phpunit": "^5.5"
            },
            "bin": [
                "bin/hh-autoload"
            ],
            "type": "composer-plugin",
            "extra": {
                "class": [
                    "Facebook\\AutoloadMap\\ComposerPlugin"
                ]
            },
            "autoload": {
                "classmap": [
                    "src/Writer.php",
                    "src/"
                ],
                "files": [
                    "src/AutoloadMap.php",
                    "src/Config.php",
                    "src/TypeAssert.php"
                ]
            },
            "notification-url": "https://packagist.org/downloads/",
            "time": "2018-06-12T20:21:07+00:00"
        },
        {
            "name": "hhvm/hsl",
            "version": "v1.4.0",
            "source": {
                "type": "git",
                "url": "https://github.com/hhvm/hsl.git",
                "reference": "2d40281ec595b25a09bbe51d9216edbf1ad55a42"
            },
            "dist": {
                "type": "zip",
                "url": "https://api.github.com/repos/hhvm/hsl/zipball/2d40281ec595b25a09bbe51d9216edbf1ad55a42",
                "reference": "2d40281ec595b25a09bbe51d9216edbf1ad55a42",
                "shasum": ""
            },
            "require": {
                "hhvm": "^3.23.2",
                "hhvm/hhvm-autoload": "^1.4"
            },
            "require-dev": {
                "91carriage/phpunit-hhi": "^5.7",
                "facebook/fbexpect": "^0.4",
                "phpunit/phpunit": "^5.7"
            },
            "type": "library",
            "notification-url": "https://packagist.org/downloads/",
            "description": "The Hack Standard Library",
            "time": "2018-03-09T21:53:48+00:00"
        },
        {
            "name": "hhvm/type-assert",
            "version": "v3.2.2",
            "source": {
                "type": "git",
                "url": "https://github.com/hhvm/type-assert.git",
                "reference": "9bbe7cac2ff831142d74203479e72046cbc932f8"
            },
            "dist": {
                "type": "zip",
                "url": "https://api.github.com/repos/hhvm/type-assert/zipball/9bbe7cac2ff831142d74203479e72046cbc932f8",
                "reference": "9bbe7cac2ff831142d74203479e72046cbc932f8",
                "shasum": ""
            },
            "require": {
                "hhvm": "^3.23.0",
                "hhvm/hhvm-autoload": "^1.4",
                "hhvm/hsl": "^1.0|^3.26.0"
            },
            "require-dev": {
                "91carriage/phpunit-hhi": "~5.1",
                "facebook/fbexpect": "^0.4.0|^1.0.0",
                "phpunit/phpunit": "~5.1"
            },
            "type": "library",
            "notification-url": "https://packagist.org/downloads/",
            "license": [
                "MIT"
            ],
            "description": "Convert untyped data to typed data",
            "keywords": [
                "TypeAssert",
                "hack"
            ],
            "time": "2018-05-09T18:23:07+00:00"
        }
    ],
    "packages-dev": [],
    "aliases": [],
    "minimum-stability": "stable",
    "stability-flags": [],
    "prefer-stable": false,
    "prefer-lowest": false,
    "platform": [],
    "platform-dev": []
}
